{
  "name": "node-red-contrib-fswebcam",
  "version": "0.0.1",
  "lockfileVersion": 3,
  "requires": true,
  "packages": {
    "": {
      "name": "node-red-contrib-fswebcam",
      "version": "0.0.1",
      "license": "MIT",
      "dependencies": {
        "node-webcam": "^0.8.2"
      }
    },
    "node_modules/abbrev": {
      "version": "2.0.0",
      "resolved": "https://registry.npmjs.org/abbrev/-/abbrev-2.0.0.tgz",
      "integrity": "sha512-6/mh1E2u2YgEsCHdY0Yx5oW+61gZU+1vXaoiHHrpKeuRNNgFvS+/jrwHiQhB5apAf5oB7UB7E19ol2R2LKH8hQ==",
      "engines": {
        "node": "^14.17.0 || ^16.13.0 || >=18.0.0"
      }
    },
    "node_modules/node-webcam": {
      "version": "0.8.2",
      "resolved": "https://registry.npmjs.org/node-webcam/-/node-webcam-0.8.2.tgz",
      "integrity": "sha512-cuVhDui14Mwc3BfwXMP7EPsrVt1JKns1E5hn/U88ptpdI9c/1M0wQ6nHMcPo+pBrt//kp3h3ZLx12awMdVEXCw==",
      "hasInstallScript": true,
      "dependencies": {
        "nopt": "*"
      },
      "bin": {
        "node-webcam": "bin/node-webcam.js"
      }
    },
    "node_modules/nopt": {
      "version": "7.1.0",
      "resolved": "https://registry.npmjs.org/nopt/-/nopt-7.1.0.tgz",
      "integrity": "sha512-ZFPLe9Iu0tnx7oWhFxAo4s7QTn8+NNDDxYNaKLjE7Dp0tbakQ3M1QhQzsnzXHQBTUO3K9BmwaxnyO8Ayn2I95Q==",
      "dependencies": {
        "abbrev": "^2.0.0"
      },
      "bin": {
        "nopt": "bin/nopt.js"
      },
      "engines": {
        "node": "^14.17.0 || ^16.13.0 || >=18.0.0"
      }
    }
  }
}
